// !$*UTF8*$!
{
	archiveVersion = 1;
	classes = {
	};
	objectVersion = 46;
	objects = {

/* Begin PBXBuildFile section */
		039EC93ABD1D63436F41BBF9 /* Pods_SpyNetProto.framework in Frameworks */ = {isa = PBXBuildFile; fileRef = 1E79E1EAEFA4D74B163183FE /* Pods_SpyNetProto.framework */; };
		840EACF01EB03A7F0030F0D2 /* FieldSceneNew.swift in Sources */ = {isa = PBXBuildFile; fileRef = 840EACEF1EB03A7F0030F0D2 /* FieldSceneNew.swift */; };
		840EACF21EB2D3460030F0D2 /* UIView+Extensions.swift in Sources */ = {isa = PBXBuildFile; fileRef = 840EACF11EB2D3460030F0D2 /* UIView+Extensions.swift */; };
		840EC7051F02B24B00F2DBC8 /* APIClient.swift in Sources */ = {isa = PBXBuildFile; fileRef = 840EC7041F02B24B00F2DBC8 /* APIClient.swift */; };
		840EC7071F02BC4100F2DBC8 /* Session.swift in Sources */ = {isa = PBXBuildFile; fileRef = 840EC7061F02BC4100F2DBC8 /* Session.swift */; };
		840EC7091F02C48D00F2DBC8 /* Keychain.swift in Sources */ = {isa = PBXBuildFile; fileRef = 840EC7081F02C48D00F2DBC8 /* Keychain.swift */; };
		840EC70B1F040A0D00F2DBC8 /* LocationService.swift in Sources */ = {isa = PBXBuildFile; fileRef = 840EC70A1F040A0D00F2DBC8 /* LocationService.swift */; };
		840EC70D1F0AAD1600F2DBC8 /* UserService.swift in Sources */ = {isa = PBXBuildFile; fileRef = 840EC70C1F0AAD1600F2DBC8 /* UserService.swift */; };
		8416D4151F3013E600F5FAB8 /* OldRadarViewController.swift in Sources */ = {isa = PBXBuildFile; fileRef = 8416D4141F3013E600F5FAB8 /* OldRadarViewController.swift */; };
		841F4AA81EA8539200D2D8C4 /* GameSceneVer2.swift in Sources */ = {isa = PBXBuildFile; fileRef = 841F4AA71EA8539200D2D8C4 /* GameSceneVer2.swift */; };
		841F4AAA1EAD926C00D2D8C4 /* PlayViewController.swift in Sources */ = {isa = PBXBuildFile; fileRef = 841F4AA91EAD926C00D2D8C4 /* PlayViewController.swift */; };
		841F4AAC1EAEF9DB00D2D8C4 /* SceneKitTest.scn in Resources */ = {isa = PBXBuildFile; fileRef = 841F4AAB1EAEF9DB00D2D8C4 /* SceneKitTest.scn */; };
		8421C8EF1E4FF18300B0B39B /* ProfileViewController.swift in Sources */ = {isa = PBXBuildFile; fileRef = 8421C8EE1E4FF18300B0B39B /* ProfileViewController.swift */; };
		8421C8F31E5110E200B0B39B /* SuccessViewController.swift in Sources */ = {isa = PBXBuildFile; fileRef = 8421C8F21E5110E200B0B39B /* SuccessViewController.swift */; };
		842FBACA1F0D9FC3008B519A /* GoogleService-Info.plist in Resources */ = {isa = PBXBuildFile; fileRef = 842FBAC91F0D9FC2008B519A /* GoogleService-Info.plist */; };
		843684FE1E988730002DBC85 /* fieldSceneOverlay.swift in Sources */ = {isa = PBXBuildFile; fileRef = 843684FD1E988730002DBC85 /* fieldSceneOverlay.swift */; };
		8439C9611E3A930C00E72B7A /* FieldSceneOld.swift in Sources */ = {isa = PBXBuildFile; fileRef = 8439C9601E3A930C00E72B7A /* FieldSceneOld.swift */; };
		844C1E041E83123600C47F26 /* Mapbox.framework in Frameworks */ = {isa = PBXBuildFile; fileRef = 844C1E031E83123600C47F26 /* Mapbox.framework */; };
		844C1E051E83123600C47F26 /* Mapbox.framework in Embed Frameworks */ = {isa = PBXBuildFile; fileRef = 844C1E031E83123600C47F26 /* Mapbox.framework */; settings = {ATTRIBUTES = (CodeSignOnCopy, RemoveHeadersOnCopy, ); }; };
		844C1E091E83140500C47F26 /* RadarViewController.swift in Sources */ = {isa = PBXBuildFile; fileRef = 844C1E081E83140500C47F26 /* RadarViewController.swift */; };
		844F990F1E47A7EC005EDABB /* SplashViewController.swift in Sources */ = {isa = PBXBuildFile; fileRef = 844F990E1E47A7EC005EDABB /* SplashViewController.swift */; };
		844F99131E47D6CB005EDABB /* DetailViewController.swift in Sources */ = {isa = PBXBuildFile; fileRef = 844F99121E47D6CB005EDABB /* DetailViewController.swift */; };
		845F052E1E93373B00B12D0E /* SceneKitViewController.swift in Sources */ = {isa = PBXBuildFile; fileRef = 845F052D1E93373B00B12D0E /* SceneKitViewController.swift */; };
		846DCA871E3B9FF700CAE31E /* MapViewController.swift in Sources */ = {isa = PBXBuildFile; fileRef = 846DCA861E3B9FF700CAE31E /* MapViewController.swift */; };
		846DCA8D1E3BBF7900CAE31E /* LoginVC.swift in Sources */ = {isa = PBXBuildFile; fileRef = 846DCA8C1E3BBF7900CAE31E /* LoginVC.swift */; };
		846DCA8F1E3BC43100CAE31E /* OnBoardViewController.swift in Sources */ = {isa = PBXBuildFile; fileRef = 846DCA8E1E3BC43100CAE31E /* OnBoardViewController.swift */; };
		846DCA921E3BCD5C00CAE31E /* Model.swift in Sources */ = {isa = PBXBuildFile; fileRef = 846DCA911E3BCD5C00CAE31E /* Model.swift */; };
		8484B1631E8089320086709C /* CamViewController.swift in Sources */ = {isa = PBXBuildFile; fileRef = 8484B1621E8089310086709C /* CamViewController.swift */; };
		848A017A1E53EFB2002FBBAF /* TwitterModel.swift in Sources */ = {isa = PBXBuildFile; fileRef = 848A01791E53EFB2002FBBAF /* TwitterModel.swift */; };
		848A017D1E552C82002FBBAF /* TweetDetailViewController.swift in Sources */ = {isa = PBXBuildFile; fileRef = 848A017C1E552C82002FBBAF /* TweetDetailViewController.swift */; };
		8493B5531E5D32BA000DF58C /* FieldSceneOld2.swift in Sources */ = {isa = PBXBuildFile; fileRef = 8493B5521E5D32BA000DF58C /* FieldSceneOld2.swift */; };
		8493B5561E5E014F000DF58C /* TargetUsersSprites.swift in Sources */ = {isa = PBXBuildFile; fileRef = 8493B5551E5E014F000DF58C /* TargetUsersSprites.swift */; };
		84CDF4221E71EF4500875CAF /* MapScene.swift in Sources */ = {isa = PBXBuildFile; fileRef = 84CDF4211E71EF4500875CAF /* MapScene.swift */; };
		84D0AF4B1E689D7900A281BE /* NewClassVersions.swift in Sources */ = {isa = PBXBuildFile; fileRef = 84D0AF4A1E689D7900A281BE /* NewClassVersions.swift */; };
		84D2BC231E393894001EABC2 /* AppDelegate.swift in Sources */ = {isa = PBXBuildFile; fileRef = 84D2BC221E393894001EABC2 /* AppDelegate.swift */; };
		84D2BC251E393894001EABC2 /* MainViewController.swift in Sources */ = {isa = PBXBuildFile; fileRef = 84D2BC241E393894001EABC2 /* MainViewController.swift */; };
		84D2BC281E393894001EABC2 /* Main.storyboard in Resources */ = {isa = PBXBuildFile; fileRef = 84D2BC261E393894001EABC2 /* Main.storyboard */; };
		84D2BC2B1E393894001EABC2 /* SpyNetProto.xcdatamodeld in Sources */ = {isa = PBXBuildFile; fileRef = 84D2BC291E393894001EABC2 /* SpyNetProto.xcdatamodeld */; };
		84D2BC2D1E393894001EABC2 /* Assets.xcassets in Resources */ = {isa = PBXBuildFile; fileRef = 84D2BC2C1E393894001EABC2 /* Assets.xcassets */; };
		84D2BC301E393894001EABC2 /* LaunchScreen.storyboard in Resources */ = {isa = PBXBuildFile; fileRef = 84D2BC2E1E393894001EABC2 /* LaunchScreen.storyboard */; };
		84D65BC91FE5B72E002A0C56 /* RadarViewVer2.swift in Sources */ = {isa = PBXBuildFile; fileRef = 84D65BC81FE5B72E002A0C56 /* RadarViewVer2.swift */; };
		84FCC5F01FEEBAD9003EDB62 /* protocols.swift in Sources */ = {isa = PBXBuildFile; fileRef = 84FCC5EF1FEEBAD9003EDB62 /* protocols.swift */; };
/* End PBXBuildFile section */

/* Begin PBXCopyFilesBuildPhase section */
		844C1E061E83123600C47F26 /* Embed Frameworks */ = {
			isa = PBXCopyFilesBuildPhase;
			buildActionMask = 2147483647;
			dstPath = "";
			dstSubfolderSpec = 10;
			files = (
				844C1E051E83123600C47F26 /* Mapbox.framework in Embed Frameworks */,
			);
			name = "Embed Frameworks";
			runOnlyForDeploymentPostprocessing = 0;
		};
/* End PBXCopyFilesBuildPhase section */

/* Begin PBXFileReference section */
		1E79E1EAEFA4D74B163183FE /* Pods_SpyNetProto.framework */ = {isa = PBXFileReference; explicitFileType = wrapper.framework; includeInIndex = 0; path = Pods_SpyNetProto.framework; sourceTree = BUILT_PRODUCTS_DIR; };
		62BAD37BB5CB014EB6EDE009 /* Pods-SpyNetProto.release.xcconfig */ = {isa = PBXFileReference; includeInIndex = 1; lastKnownFileType = text.xcconfig; name = "Pods-SpyNetProto.release.xcconfig"; path = "Pods/Target Support Files/Pods-SpyNetProto/Pods-SpyNetProto.release.xcconfig"; sourceTree = "<group>"; };
		840EACEF1EB03A7F0030F0D2 /* FieldSceneNew.swift */ = {isa = PBXFileReference; fileEncoding = 4; lastKnownFileType = sourcecode.swift; path = FieldSceneNew.swift; sourceTree = "<group>"; };
		840EACF11EB2D3460030F0D2 /* UIView+Extensions.swift */ = {isa = PBXFileReference; fileEncoding = 4; lastKnownFileType = sourcecode.swift; path = "UIView+Extensions.swift"; sourceTree = "<group>"; };
		840EC7041F02B24B00F2DBC8 /* APIClient.swift */ = {isa = PBXFileReference; fileEncoding = 4; lastKnownFileType = sourcecode.swift; path = APIClient.swift; sourceTree = "<group>"; };
		840EC7061F02BC4100F2DBC8 /* Session.swift */ = {isa = PBXFileReference; fileEncoding = 4; lastKnownFileType = sourcecode.swift; path = Session.swift; sourceTree = "<group>"; };
		840EC7081F02C48D00F2DBC8 /* Keychain.swift */ = {isa = PBXFileReference; fileEncoding = 4; lastKnownFileType = sourcecode.swift; path = Keychain.swift; sourceTree = "<group>"; };
		840EC70A1F040A0D00F2DBC8 /* LocationService.swift */ = {isa = PBXFileReference; fileEncoding = 4; lastKnownFileType = sourcecode.swift; path = LocationService.swift; sourceTree = "<group>"; };
		840EC70C1F0AAD1600F2DBC8 /* UserService.swift */ = {isa = PBXFileReference; fileEncoding = 4; lastKnownFileType = sourcecode.swift; path = UserService.swift; sourceTree = "<group>"; };
		8416D4141F3013E600F5FAB8 /* OldRadarViewController.swift */ = {isa = PBXFileReference; fileEncoding = 4; lastKnownFileType = sourcecode.swift; path = OldRadarViewController.swift; sourceTree = "<group>"; };
		841F4AA71EA8539200D2D8C4 /* GameSceneVer2.swift */ = {isa = PBXFileReference; fileEncoding = 4; lastKnownFileType = sourcecode.swift; path = GameSceneVer2.swift; sourceTree = "<group>"; };
		841F4AA91EAD926C00D2D8C4 /* PlayViewController.swift */ = {isa = PBXFileReference; fileEncoding = 4; lastKnownFileType = sourcecode.swift; path = PlayViewController.swift; sourceTree = "<group>"; };
		841F4AAB1EAEF9DB00D2D8C4 /* SceneKitTest.scn */ = {isa = PBXFileReference; lastKnownFileType = file.bplist; path = SceneKitTest.scn; sourceTree = "<group>"; };
		8421C8EE1E4FF18300B0B39B /* ProfileViewController.swift */ = {isa = PBXFileReference; fileEncoding = 4; lastKnownFileType = sourcecode.swift; path = ProfileViewController.swift; sourceTree = "<group>"; };
		8421C8F21E5110E200B0B39B /* SuccessViewController.swift */ = {isa = PBXFileReference; fileEncoding = 4; lastKnownFileType = sourcecode.swift; path = SuccessViewController.swift; sourceTree = "<group>"; };
		842FBAC91F0D9FC2008B519A /* GoogleService-Info.plist */ = {isa = PBXFileReference; fileEncoding = 4; lastKnownFileType = text.plist.xml; name = "GoogleService-Info.plist"; path = "../../../Downloads/GoogleService-Info.plist"; sourceTree = "<group>"; };
		843684FD1E988730002DBC85 /* fieldSceneOverlay.swift */ = {isa = PBXFileReference; fileEncoding = 4; lastKnownFileType = sourcecode.swift; path = fieldSceneOverlay.swift; sourceTree = "<group>"; };
		8439C9601E3A930C00E72B7A /* FieldSceneOld.swift */ = {isa = PBXFileReference; fileEncoding = 4; lastKnownFileType = sourcecode.swift; path = FieldSceneOld.swift; sourceTree = "<group>"; };
		844C1E031E83123600C47F26 /* Mapbox.framework */ = {isa = PBXFileReference; lastKnownFileType = wrapper.framework; path = Mapbox.framework; sourceTree = "<group>"; };
		844C1E081E83140500C47F26 /* RadarViewController.swift */ = {isa = PBXFileReference; fileEncoding = 4; lastKnownFileType = sourcecode.swift; path = RadarViewController.swift; sourceTree = "<group>"; };
		844F990E1E47A7EC005EDABB /* SplashViewController.swift */ = {isa = PBXFileReference; fileEncoding = 4; lastKnownFileType = sourcecode.swift; path = SplashViewController.swift; sourceTree = "<group>"; };
		844F99121E47D6CB005EDABB /* DetailViewController.swift */ = {isa = PBXFileReference; fileEncoding = 4; lastKnownFileType = sourcecode.swift; path = DetailViewController.swift; sourceTree = "<group>"; };
		845F052D1E93373B00B12D0E /* SceneKitViewController.swift */ = {isa = PBXFileReference; fileEncoding = 4; lastKnownFileType = sourcecode.swift; path = SceneKitViewController.swift; sourceTree = "<group>"; };
		846DCA861E3B9FF700CAE31E /* MapViewController.swift */ = {isa = PBXFileReference; fileEncoding = 4; lastKnownFileType = sourcecode.swift; path = MapViewController.swift; sourceTree = "<group>"; };
		846DCA8C1E3BBF7900CAE31E /* LoginVC.swift */ = {isa = PBXFileReference; fileEncoding = 4; lastKnownFileType = sourcecode.swift; path = LoginVC.swift; sourceTree = "<group>"; };
		846DCA8E1E3BC43100CAE31E /* OnBoardViewController.swift */ = {isa = PBXFileReference; fileEncoding = 4; lastKnownFileType = sourcecode.swift; path = OnBoardViewController.swift; sourceTree = "<group>"; };
		846DCA911E3BCD5C00CAE31E /* Model.swift */ = {isa = PBXFileReference; fileEncoding = 4; lastKnownFileType = sourcecode.swift; path = Model.swift; sourceTree = "<group>"; };
		8484B1621E8089310086709C /* CamViewController.swift */ = {isa = PBXFileReference; fileEncoding = 4; lastKnownFileType = sourcecode.swift; path = CamViewController.swift; sourceTree = "<group>"; };
		848A01791E53EFB2002FBBAF /* TwitterModel.swift */ = {isa = PBXFileReference; fileEncoding = 4; lastKnownFileType = sourcecode.swift; path = TwitterModel.swift; sourceTree = "<group>"; };
		848A017C1E552C82002FBBAF /* TweetDetailViewController.swift */ = {isa = PBXFileReference; fileEncoding = 4; lastKnownFileType = sourcecode.swift; path = TweetDetailViewController.swift; sourceTree = "<group>"; };
		8493B5521E5D32BA000DF58C /* FieldSceneOld2.swift */ = {isa = PBXFileReference; fileEncoding = 4; lastKnownFileType = sourcecode.swift; path = FieldSceneOld2.swift; sourceTree = "<group>"; };
		8493B5551E5E014F000DF58C /* TargetUsersSprites.swift */ = {isa = PBXFileReference; fileEncoding = 4; lastKnownFileType = sourcecode.swift; path = TargetUsersSprites.swift; sourceTree = "<group>"; };
		84CDF4211E71EF4500875CAF /* MapScene.swift */ = {isa = PBXFileReference; fileEncoding = 4; lastKnownFileType = sourcecode.swift; path = MapScene.swift; sourceTree = "<group>"; };
		84D0AF4A1E689D7900A281BE /* NewClassVersions.swift */ = {isa = PBXFileReference; fileEncoding = 4; lastKnownFileType = sourcecode.swift; path = NewClassVersions.swift; sourceTree = "<group>"; };
		84D2BC1F1E393894001EABC2 /* SpyNetProto.app */ = {isa = PBXFileReference; explicitFileType = wrapper.application; includeInIndex = 0; path = SpyNetProto.app; sourceTree = BUILT_PRODUCTS_DIR; };
		84D2BC221E393894001EABC2 /* AppDelegate.swift */ = {isa = PBXFileReference; lastKnownFileType = sourcecode.swift; path = AppDelegate.swift; sourceTree = "<group>"; };
		84D2BC241E393894001EABC2 /* MainViewController.swift */ = {isa = PBXFileReference; lastKnownFileType = sourcecode.swift; path = MainViewController.swift; sourceTree = "<group>"; };
		84D2BC271E393894001EABC2 /* Base */ = {isa = PBXFileReference; lastKnownFileType = file.storyboard; name = Base; path = Base.lproj/Main.storyboard; sourceTree = "<group>"; };
		84D2BC2A1E393894001EABC2 /* SpyNetProto.xcdatamodel */ = {isa = PBXFileReference; lastKnownFileType = wrapper.xcdatamodel; path = SpyNetProto.xcdatamodel; sourceTree = "<group>"; };
		84D2BC2C1E393894001EABC2 /* Assets.xcassets */ = {isa = PBXFileReference; lastKnownFileType = folder.assetcatalog; path = Assets.xcassets; sourceTree = "<group>"; };
		84D2BC2F1E393894001EABC2 /* Base */ = {isa = PBXFileReference; lastKnownFileType = file.storyboard; name = Base; path = Base.lproj/LaunchScreen.storyboard; sourceTree = "<group>"; };
		84D2BC311E393894001EABC2 /* Info.plist */ = {isa = PBXFileReference; lastKnownFileType = text.plist.xml; path = Info.plist; sourceTree = "<group>"; };
		84D65BC81FE5B72E002A0C56 /* RadarViewVer2.swift */ = {isa = PBXFileReference; lastKnownFileType = sourcecode.swift; path = RadarViewVer2.swift; sourceTree = "<group>"; };
		84FCC5EF1FEEBAD9003EDB62 /* protocols.swift */ = {isa = PBXFileReference; lastKnownFileType = sourcecode.swift; path = protocols.swift; sourceTree = "<group>"; };
		E6D70F6B4362147E1A5B0172 /* Pods-SpyNetProto.debug.xcconfig */ = {isa = PBXFileReference; includeInIndex = 1; lastKnownFileType = text.xcconfig; name = "Pods-SpyNetProto.debug.xcconfig"; path = "Pods/Target Support Files/Pods-SpyNetProto/Pods-SpyNetProto.debug.xcconfig"; sourceTree = "<group>"; };
/* End PBXFileReference section */

/* Begin PBXFrameworksBuildPhase section */
		84D2BC1C1E393894001EABC2 /* Frameworks */ = {
			isa = PBXFrameworksBuildPhase;
			buildActionMask = 2147483647;
			files = (
				039EC93ABD1D63436F41BBF9 /* Pods_SpyNetProto.framework in Frameworks */,
				844C1E041E83123600C47F26 /* Mapbox.framework in Frameworks */,
			);
			runOnlyForDeploymentPostprocessing = 0;
		};
/* End PBXFrameworksBuildPhase section */

/* Begin PBXGroup section */
		55D7CB24D7101D42C4D50EF4 /* Frameworks */ = {
			isa = PBXGroup;
			children = (
				1E79E1EAEFA4D74B163183FE /* Pods_SpyNetProto.framework */,
			);
			name = Frameworks;
			sourceTree = "<group>";
		};
		840EC7031F02B1EF00F2DBC8 /* Service */ = {
			isa = PBXGroup;
			children = (
				840EC7041F02B24B00F2DBC8 /* APIClient.swift */,
				840EC7081F02C48D00F2DBC8 /* Keychain.swift */,
			);
			name = Service;
			sourceTree = "<group>";
		};
		8493B5541E5E0122000DF58C /* Classes */ = {
			isa = PBXGroup;
			children = (
				8493B5551E5E014F000DF58C /* TargetUsersSprites.swift */,
				84D0AF4A1E689D7900A281BE /* NewClassVersions.swift */,
			);
			name = Classes;
			sourceTree = "<group>";
		};
		8493B5571E5E01FA000DF58C /* Scenes */ = {
			isa = PBXGroup;
			children = (
				8439C9601E3A930C00E72B7A /* FieldSceneOld.swift */,
				84CDF4211E71EF4500875CAF /* MapScene.swift */,
				841F4AA71EA8539200D2D8C4 /* GameSceneVer2.swift */,
				8493B5521E5D32BA000DF58C /* FieldSceneOld2.swift */,
				840EACEF1EB03A7F0030F0D2 /* FieldSceneNew.swift */,
				841F4AAB1EAEF9DB00D2D8C4 /* SceneKitTest.scn */,
				843684FD1E988730002DBC85 /* fieldSceneOverlay.swift */,
			);
			name = Scenes;
			sourceTree = "<group>";
		};
		8493B5581E5E0221000DF58C /* ViewController */ = {
			isa = PBXGroup;
			children = (
				844F990E1E47A7EC005EDABB /* SplashViewController.swift */,
				846DCA8C1E3BBF7900CAE31E /* LoginVC.swift */,
				84D2BC241E393894001EABC2 /* MainViewController.swift */,
				84D65BC81FE5B72E002A0C56 /* RadarViewVer2.swift */,
				844C1E081E83140500C47F26 /* RadarViewController.swift */,
				8416D4141F3013E600F5FAB8 /* OldRadarViewController.swift */,
				841F4AA91EAD926C00D2D8C4 /* PlayViewController.swift */,
				8421C8F21E5110E200B0B39B /* SuccessViewController.swift */,
				844F99121E47D6CB005EDABB /* DetailViewController.swift */,
				848A017C1E552C82002FBBAF /* TweetDetailViewController.swift */,
				846DCA861E3B9FF700CAE31E /* MapViewController.swift */,
				8421C8EE1E4FF18300B0B39B /* ProfileViewController.swift */,
				845F052D1E93373B00B12D0E /* SceneKitViewController.swift */,
				846DCA8E1E3BC43100CAE31E /* OnBoardViewController.swift */,
				8484B1621E8089310086709C /* CamViewController.swift */,
			);
			name = ViewController;
			sourceTree = "<group>";
		};
		8493B5591E5E0243000DF58C /* Model */ = {
			isa = PBXGroup;
			children = (
				848A01791E53EFB2002FBBAF /* TwitterModel.swift */,
				846DCA911E3BCD5C00CAE31E /* Model.swift */,
				840EC70A1F040A0D00F2DBC8 /* LocationService.swift */,
				840EC7061F02BC4100F2DBC8 /* Session.swift */,
				840EC70C1F0AAD1600F2DBC8 /* UserService.swift */,
			);
			name = Model;
			sourceTree = "<group>";
		};
		84D2BC161E393894001EABC2 = {
			isa = PBXGroup;
			children = (
				844C1E031E83123600C47F26 /* Mapbox.framework */,
				84D2BC211E393894001EABC2 /* SpyNetProto */,
				84D2BC201E393894001EABC2 /* Products */,
				DE446996893F1C3553EB8162 /* Pods */,
				55D7CB24D7101D42C4D50EF4 /* Frameworks */,
			);
			sourceTree = "<group>";
		};
		84D2BC201E393894001EABC2 /* Products */ = {
			isa = PBXGroup;
			children = (
				84D2BC1F1E393894001EABC2 /* SpyNetProto.app */,
			);
			name = Products;
			sourceTree = "<group>";
		};
		84D2BC211E393894001EABC2 /* SpyNetProto */ = {
			isa = PBXGroup;
			children = (
				84D2BC221E393894001EABC2 /* AppDelegate.swift */,
				840EC7031F02B1EF00F2DBC8 /* Service */,
				8493B5591E5E0243000DF58C /* Model */,
				8493B5581E5E0221000DF58C /* ViewController */,
				8493B5571E5E01FA000DF58C /* Scenes */,
				8493B5541E5E0122000DF58C /* Classes */,
				84FCC5EE1FEEBAB0003EDB62 /* protocols */,
				84D2BC261E393894001EABC2 /* Main.storyboard */,
				84D2BC2C1E393894001EABC2 /* Assets.xcassets */,
				84D2BC2E1E393894001EABC2 /* LaunchScreen.storyboard */,
				842FBAC91F0D9FC2008B519A /* GoogleService-Info.plist */,
				84D2BC311E393894001EABC2 /* Info.plist */,
				84D2BC291E393894001EABC2 /* SpyNetProto.xcdatamodeld */,
				840EACF11EB2D3460030F0D2 /* UIView+Extensions.swift */,
			);
			path = SpyNetProto;
			sourceTree = "<group>";
		};
		84FCC5EE1FEEBAB0003EDB62 /* protocols */ = {
			isa = PBXGroup;
			children = (
				84FCC5EF1FEEBAD9003EDB62 /* protocols.swift */,
			);
			name = protocols;
			sourceTree = "<group>";
		};
		DE446996893F1C3553EB8162 /* Pods */ = {
			isa = PBXGroup;
			children = (
				E6D70F6B4362147E1A5B0172 /* Pods-SpyNetProto.debug.xcconfig */,
				62BAD37BB5CB014EB6EDE009 /* Pods-SpyNetProto.release.xcconfig */,
			);
			name = Pods;
			sourceTree = "<group>";
		};
/* End PBXGroup section */

/* Begin PBXNativeTarget section */
		84D2BC1E1E393894001EABC2 /* SpyNetProto */ = {
			isa = PBXNativeTarget;
			buildConfigurationList = 84D2BC341E393894001EABC2 /* Build configuration list for PBXNativeTarget "SpyNetProto" */;
			buildPhases = (
				09E28D85AF1F3CDB8F72105D /* [CP] Check Pods Manifest.lock */,
				84D2BC1B1E393894001EABC2 /* Sources */,
				84D2BC1C1E393894001EABC2 /* Frameworks */,
				84D2BC1D1E393894001EABC2 /* Resources */,
				C936415DF1596255892ED529 /* [CP] Embed Pods Frameworks */,
				EFE2B8F3E9E8A7C8CA8769D1 /* [CP] Copy Pods Resources */,
				848A017B1E540473002FBBAF /* ShellScript */,
				844C1E061E83123600C47F26 /* Embed Frameworks */,
				844C1E071E83126200C47F26 /* ShellScript */,
			);
			buildRules = (
			);
			dependencies = (
			);
			name = SpyNetProto;
			productName = SpyNetProto;
			productReference = 84D2BC1F1E393894001EABC2 /* SpyNetProto.app */;
			productType = "com.apple.product-type.application";
		};
/* End PBXNativeTarget section */

/* Begin PBXProject section */
		84D2BC171E393894001EABC2 /* Project object */ = {
			isa = PBXProject;
			attributes = {
				LastSwiftUpdateCheck = 0810;
				LastUpgradeCheck = 0810;
				ORGANIZATIONNAME = "Edward Han";
				TargetAttributes = {
					84D2BC1E1E393894001EABC2 = {
						CreatedOnToolsVersion = 8.1;
						DevelopmentTeam = 4A67537292;
						ProvisioningStyle = Automatic;
					};
				};
			};
			buildConfigurationList = 84D2BC1A1E393894001EABC2 /* Build configuration list for PBXProject "SpyNetProto" */;
			compatibilityVersion = "Xcode 3.2";
			developmentRegion = English;
			hasScannedForEncodings = 0;
			knownRegions = (
				en,
				Base,
			);
			mainGroup = 84D2BC161E393894001EABC2;
			productRefGroup = 84D2BC201E393894001EABC2 /* Products */;
			projectDirPath = "";
			projectRoot = "";
			targets = (
				84D2BC1E1E393894001EABC2 /* SpyNetProto */,
			);
		};
/* End PBXProject section */

/* Begin PBXResourcesBuildPhase section */
		84D2BC1D1E393894001EABC2 /* Resources */ = {
			isa = PBXResourcesBuildPhase;
			buildActionMask = 2147483647;
			files = (
				84D2BC301E393894001EABC2 /* LaunchScreen.storyboard in Resources */,
				84D2BC2D1E393894001EABC2 /* Assets.xcassets in Resources */,
				842FBACA1F0D9FC3008B519A /* GoogleService-Info.plist in Resources */,
				84D2BC281E393894001EABC2 /* Main.storyboard in Resources */,
				841F4AAC1EAEF9DB00D2D8C4 /* SceneKitTest.scn in Resources */,
			);
			runOnlyForDeploymentPostprocessing = 0;
		};
/* End PBXResourcesBuildPhase section */

/* Begin PBXShellScriptBuildPhase section */
		09E28D85AF1F3CDB8F72105D /* [CP] Check Pods Manifest.lock */ = {
			isa = PBXShellScriptBuildPhase;
			buildActionMask = 2147483647;
			files = (
			);
			inputPaths = (
			);
			name = "[CP] Check Pods Manifest.lock";
			outputPaths = (
			);
			runOnlyForDeploymentPostprocessing = 0;
			shellPath = /bin/sh;
			shellScript = "diff \"${PODS_PODFILE_DIR_PATH}/Podfile.lock\" \"${PODS_ROOT}/Manifest.lock\" > /dev/null\nif [ $? != 0 ] ; then\n    # print error to STDERR\n    echo \"error: The sandbox is not in sync with the Podfile.lock. Run 'pod install' or update your CocoaPods installation.\" >&2\n    exit 1\nfi\n";
			showEnvVarsInLog = 0;
		};
		844C1E071E83126200C47F26 /* ShellScript */ = {
			isa = PBXShellScriptBuildPhase;
			buildActionMask = 2147483647;
			files = (
			);
			inputPaths = (
			);
			outputPaths = (
			);
			runOnlyForDeploymentPostprocessing = 0;
			shellPath = /bin/sh;
			shellScript = "bash \"${BUILT_PRODUCTS_DIR}/${FRAMEWORKS_FOLDER_PATH}/Mapbox.framework/strip-frameworks.sh\"\n";
		};
		848A017B1E540473002FBBAF /* ShellScript */ = {
			isa = PBXShellScriptBuildPhase;
			buildActionMask = 2147483647;
			files = (
			);
			inputPaths = (
			);
			outputPaths = (
			);
			runOnlyForDeploymentPostprocessing = 0;
			shellPath = /bin/sh;
			shellScript = "\"${PODS_ROOT}/Fabric/run\" 7ce1ea32354a89edc326daf15ef65b18d6aadccf 12d1216f75d969030c60c521869a04a98df64303a268e1d8967fa020dbef272e";
		};
		C936415DF1596255892ED529 /* [CP] Embed Pods Frameworks */ = {
			isa = PBXShellScriptBuildPhase;
			buildActionMask = 2147483647;
			files = (
			);
			inputPaths = (
			);
			name = "[CP] Embed Pods Frameworks";
			outputPaths = (
			);
			runOnlyForDeploymentPostprocessing = 0;
			shellPath = /bin/sh;
			shellScript = "\"${SRCROOT}/Pods/Target Support Files/Pods-SpyNetProto/Pods-SpyNetProto-frameworks.sh\"\n";
			showEnvVarsInLog = 0;
		};
		EFE2B8F3E9E8A7C8CA8769D1 /* [CP] Copy Pods Resources */ = {
			isa = PBXShellScriptBuildPhase;
			buildActionMask = 2147483647;
			files = (
			);
			inputPaths = (
			);
			name = "[CP] Copy Pods Resources";
			outputPaths = (
			);
			runOnlyForDeploymentPostprocessing = 0;
			shellPath = /bin/sh;
			shellScript = "\"${SRCROOT}/Pods/Target Support Files/Pods-SpyNetProto/Pods-SpyNetProto-resources.sh\"\n";
			showEnvVarsInLog = 0;
		};
/* End PBXShellScriptBuildPhase section */

/* Begin PBXSourcesBuildPhase section */
		84D2BC1B1E393894001EABC2 /* Sources */ = {
			isa = PBXSourcesBuildPhase;
			buildActionMask = 2147483647;
			files = (
				840EC7071F02BC4100F2DBC8 /* Session.swift in Sources */,
				846DCA8D1E3BBF7900CAE31E /* LoginVC.swift in Sources */,
				84D2BC251E393894001EABC2 /* MainViewController.swift in Sources */,
				843684FE1E988730002DBC85 /* fieldSceneOverlay.swift in Sources */,
				846DCA871E3B9FF700CAE31E /* MapViewController.swift in Sources */,
				844F990F1E47A7EC005EDABB /* SplashViewController.swift in Sources */,
				841F4AA81EA8539200D2D8C4 /* GameSceneVer2.swift in Sources */,
				840EC7091F02C48D00F2DBC8 /* Keychain.swift in Sources */,
				84D2BC231E393894001EABC2 /* AppDelegate.swift in Sources */,
				848A017D1E552C82002FBBAF /* TweetDetailViewController.swift in Sources */,
				8493B5561E5E014F000DF58C /* TargetUsersSprites.swift in Sources */,
				846DCA921E3BCD5C00CAE31E /* Model.swift in Sources */,
				840EACF01EB03A7F0030F0D2 /* FieldSceneNew.swift in Sources */,
				84FCC5F01FEEBAD9003EDB62 /* protocols.swift in Sources */,
				840EC70D1F0AAD1600F2DBC8 /* UserService.swift in Sources */,
				8421C8EF1E4FF18300B0B39B /* ProfileViewController.swift in Sources */,
				84D0AF4B1E689D7900A281BE /* NewClassVersions.swift in Sources */,
				84D65BC91FE5B72E002A0C56 /* RadarViewVer2.swift in Sources */,
				8439C9611E3A930C00E72B7A /* FieldSceneOld.swift in Sources */,
				844F99131E47D6CB005EDABB /* DetailViewController.swift in Sources */,
				848A017A1E53EFB2002FBBAF /* TwitterModel.swift in Sources */,
				844C1E091E83140500C47F26 /* RadarViewController.swift in Sources */,
				841F4AAA1EAD926C00D2D8C4 /* PlayViewController.swift in Sources */,
				840EACF21EB2D3460030F0D2 /* UIView+Extensions.swift in Sources */,
				846DCA8F1E3BC43100CAE31E /* OnBoardViewController.swift in Sources */,
				8416D4151F3013E600F5FAB8 /* OldRadarViewController.swift in Sources */,
				840EC70B1F040A0D00F2DBC8 /* LocationService.swift in Sources */,
				845F052E1E93373B00B12D0E /* SceneKitViewController.swift in Sources */,
				8493B5531E5D32BA000DF58C /* FieldSceneOld2.swift in Sources */,
				8484B1631E8089320086709C /* CamViewController.swift in Sources */,
				84CDF4221E71EF4500875CAF /* MapScene.swift in Sources */,
				8421C8F31E5110E200B0B39B /* SuccessViewController.swift in Sources */,
				84D2BC2B1E393894001EABC2 /* SpyNetProto.xcdatamodeld in Sources */,
				840EC7051F02B24B00F2DBC8 /* APIClient.swift in Sources */,
			);
			runOnlyForDeploymentPostprocessing = 0;
		};
/* End PBXSourcesBuildPhase section */

/* Begin PBXVariantGroup section */
		84D2BC261E393894001EABC2 /* Main.storyboard */ = {
			isa = PBXVariantGroup;
			children = (
				84D2BC271E393894001EABC2 /* Base */,
			);
			name = Main.storyboard;
			sourceTree = "<group>";
		};
		84D2BC2E1E393894001EABC2 /* LaunchScreen.storyboard */ = {
			isa = PBXVariantGroup;
			children = (
				84D2BC2F1E393894001EABC2 /* Base */,
			);
			name = LaunchScreen.storyboard;
			sourceTree = "<group>";
		};
/* End PBXVariantGroup section */

/* Begin XCBuildConfiguration section */
		84D2BC321E393894001EABC2 /* Debug */ = {
			isa = XCBuildConfiguration;
			buildSettings = {
				ALWAYS_SEARCH_USER_PATHS = NO;
				CLANG_ANALYZER_NONNULL = YES;
				CLANG_CXX_LANGUAGE_STANDARD = "gnu++0x";
				CLANG_CXX_LIBRARY = "libc++";
				CLANG_ENABLE_MODULES = YES;
				CLANG_ENABLE_OBJC_ARC = YES;
				CLANG_WARN_BOOL_CONVERSION = YES;
				CLANG_WARN_CONSTANT_CONVERSION = YES;
				CLANG_WARN_DIRECT_OBJC_ISA_USAGE = YES_ERROR;
				CLANG_WARN_DOCUMENTATION_COMMENTS = YES;
				CLANG_WARN_EMPTY_BODY = YES;
				CLANG_WARN_ENUM_CONVERSION = YES;
				CLANG_WARN_INFINITE_RECURSION = YES;
				CLANG_WARN_INT_CONVERSION = YES;
				CLANG_WARN_OBJC_ROOT_CLASS = YES_ERROR;
				CLANG_WARN_SUSPICIOUS_MOVES = YES;
				CLANG_WARN_UNREACHABLE_CODE = YES;
				CLANG_WARN__DUPLICATE_METHOD_MATCH = YES;
				"CODE_SIGN_IDENTITY[sdk=iphoneos*]" = "iPhone Developer";
				COPY_PHASE_STRIP = NO;
				DEBUG_INFORMATION_FORMAT = dwarf;
				ENABLE_STRICT_OBJC_MSGSEND = YES;
				ENABLE_TESTABILITY = YES;
				GCC_C_LANGUAGE_STANDARD = gnu99;
				GCC_DYNAMIC_NO_PIC = NO;
				GCC_NO_COMMON_BLOCKS = YES;
				GCC_OPTIMIZATION_LEVEL = 0;
				GCC_PREPROCESSOR_DEFINITIONS = (
					"DEBUG=1",
					"$(inherited)",
				);
				GCC_WARN_64_TO_32_BIT_CONVERSION = YES;
				GCC_WARN_ABOUT_RETURN_TYPE = YES_ERROR;
				GCC_WARN_UNDECLARED_SELECTOR = YES;
				GCC_WARN_UNINITIALIZED_AUTOS = YES_AGGRESSIVE;
				GCC_WARN_UNUSED_FUNCTION = YES;
				GCC_WARN_UNUSED_VARIABLE = YES;
				IPHONEOS_DEPLOYMENT_TARGET = 10.1;
				MTL_ENABLE_DEBUG_INFO = YES;
				ONLY_ACTIVE_ARCH = YES;
				SDKROOT = iphoneos;
				SWIFT_ACTIVE_COMPILATION_CONDITIONS = DEBUG;
				SWIFT_OPTIMIZATION_LEVEL = "-Onone";
				TARGETED_DEVICE_FAMILY = "1,2";
			};
			name = Debug;
		};
		84D2BC331E393894001EABC2 /* Release */ = {
			isa = XCBuildConfiguration;
			buildSettings = {
				ALWAYS_SEARCH_USER_PATHS = NO;
				CLANG_ANALYZER_NONNULL = YES;
				CLANG_CXX_LANGUAGE_STANDARD = "gnu++0x";
				CLANG_CXX_LIBRARY = "libc++";
				CLANG_ENABLE_MODULES = YES;
				CLANG_ENABLE_OBJC_ARC = YES;
				CLANG_WARN_BOOL_CONVERSION = YES;
				CLANG_WARN_CONSTANT_CONVERSION = YES;
				CLANG_WARN_DIRECT_OBJC_ISA_USAGE = YES_ERROR;
				CLANG_WARN_DOCUMENTATION_COMMENTS = YES;
				CLANG_WARN_EMPTY_BODY = YES;
				CLANG_WARN_ENUM_CONVERSION = YES;
				CLANG_WARN_INFINITE_RECURSION = YES;
				CLANG_WARN_INT_CONVERSION = YES;
				CLANG_WARN_OBJC_ROOT_CLASS = YES_ERROR;
				CLANG_WARN_SUSPICIOUS_MOVES = YES;
				CLANG_WARN_UNREACHABLE_CODE = YES;
				CLANG_WARN__DUPLICATE_METHOD_MATCH = YES;
				"CODE_SIGN_IDENTITY[sdk=iphoneos*]" = "iPhone Developer";
				COPY_PHASE_STRIP = NO;
				DEBUG_INFORMATION_FORMAT = "dwarf-with-dsym";
				ENABLE_NS_ASSERTIONS = NO;
				ENABLE_STRICT_OBJC_MSGSEND = YES;
				GCC_C_LANGUAGE_STANDARD = gnu99;
				GCC_NO_COMMON_BLOCKS = YES;
				GCC_WARN_64_TO_32_BIT_CONVERSION = YES;
				GCC_WARN_ABOUT_RETURN_TYPE = YES_ERROR;
				GCC_WARN_UNDECLARED_SELECTOR = YES;
				GCC_WARN_UNINITIALIZED_AUTOS = YES_AGGRESSIVE;
				GCC_WARN_UNUSED_FUNCTION = YES;
				GCC_WARN_UNUSED_VARIABLE = YES;
				IPHONEOS_DEPLOYMENT_TARGET = 10.1;
				MTL_ENABLE_DEBUG_INFO = NO;
				SDKROOT = iphoneos;
				SWIFT_OPTIMIZATION_LEVEL = "-Owholemodule";
				TARGETED_DEVICE_FAMILY = "1,2";
				VALIDATE_PRODUCT = YES;
			};
			name = Release;
		};
		84D2BC351E393894001EABC2 /* Debug */ = {
			isa = XCBuildConfiguration;
			baseConfigurationReference = E6D70F6B4362147E1A5B0172 /* Pods-SpyNetProto.debug.xcconfig */;
			buildSettings = {
				ASSETCATALOG_COMPILER_APPICON_NAME = AppIcon;
				DEVELOPMENT_TEAM = 4A67537292;
				FRAMEWORK_SEARCH_PATHS = (
					"$(inherited)",
					"$(PROJECT_DIR)",
				);
				INFOPLIST_FILE = SpyNetProto/Info.plist;
				LD_RUNPATH_SEARCH_PATHS = "$(inherited) @executable_path/Frameworks";
				PRODUCT_BUNDLE_IDENTIFIER = ga.SpyNetProto;
				PRODUCT_NAME = "$(TARGET_NAME)";
				SWIFT_VERSION = 3.0;
			};
			name = Debug;
		};
		84D2BC361E393894001EABC2 /* Release */ = {
			isa = XCBuildConfiguration;
			baseConfigurationReference = 62BAD37BB5CB014EB6EDE009 /* Pods-SpyNetProto.release.xcconfig */;
			buildSettings = {
				ASSETCATALOG_COMPILER_APPICON_NAME = AppIcon;
				DEVELOPMENT_TEAM = 4A67537292;
				FRAMEWORK_SEARCH_PATHS = (
					"$(inherited)",
					"$(PROJECT_DIR)",
				);
				INFOPLIST_FILE = SpyNetProto/Info.plist;
				LD_RUNPATH_SEARCH_PATHS = "$(inherited) @executable_path/Frameworks";
				PRODUCT_BUNDLE_IDENTIFIER = ga.SpyNetProto;
				PRODUCT_NAME = "$(TARGET_NAME)";
				SWIFT_VERSION = 3.0;
			};
			name = Release;
		};
/* End XCBuildConfiguration section */

/* Begin XCConfigurationList section */
		84D2BC1A1E393894001EABC2 /* Build configuration list for PBXProject "SpyNetProto" */ = {
			isa = XCConfigurationList;
			buildConfigurations = (
				84D2BC321E393894001EABC2 /* Debug */,
				84D2BC331E393894001EABC2 /* Release */,
			);
			defaultConfigurationIsVisible = 0;
			defaultConfigurationName = Release;
		};
		84D2BC341E393894001EABC2 /* Build configuration list for PBXNativeTarget "SpyNetProto" */ = {
			isa = XCConfigurationList;
			buildConfigurations = (
				84D2BC351E393894001EABC2 /* Debug */,
				84D2BC361E393894001EABC2 /* Release */,
			);
			defaultConfigurationIsVisible = 0;
			defaultConfigurationName = Release;
		};
/* End XCConfigurationList section */

/* Begin XCVersionGroup section */
		84D2BC291E393894001EABC2 /* SpyNetProto.xcdatamodeld */ = {
			isa = XCVersionGroup;
			children = (
				84D2BC2A1E393894001EABC2 /* SpyNetProto.xcdatamodel */,
			);
			currentVersion = 84D2BC2A1E393894001EABC2 /* SpyNetProto.xcdatamodel */;
			path = SpyNetProto.xcdatamodeld;
			sourceTree = "<group>";
			versionGroupType = wrapper.xcdatamodel;
		};
/* End XCVersionGroup section */
	};
	rootObject = 84D2BC171E393894001EABC2 /* Project object */;
}
